// !$*UTF8*$!
{
	archiveVersion = 1;
	classes = {
	};
	objectVersion = 50;
	objects = {

/* Begin PBXBuildFile section */
		4803687724413F2B00A4C861 /* AppDelegate.swift in Sources */ = {isa = PBXBuildFile; fileRef = 4803687624413F2B00A4C861 /* AppDelegate.swift */; };
		4803687924413F2B00A4C861 /* ViewController.swift in Sources */ = {isa = PBXBuildFile; fileRef = 4803687824413F2B00A4C861 /* ViewController.swift */; };
		4803687C24413F2B00A4C861 /* Main.storyboard in Resources */ = {isa = PBXBuildFile; fileRef = 4803687A24413F2B00A4C861 /* Main.storyboard */; };
		4803687E24413F2F00A4C861 /* Assets.xcassets in Resources */ = {isa = PBXBuildFile; fileRef = 4803687D24413F2F00A4C861 /* Assets.xcassets */; };
		4803688124413F2F00A4C861 /* LaunchScreen.storyboard in Resources */ = {isa = PBXBuildFile; fileRef = 4803687F24413F2F00A4C861 /* LaunchScreen.storyboard */; };
		48B84BC6244235C2008553D9 /* ViewModel.swift in Sources */ = {isa = PBXBuildFile; fileRef = 48B84BC5244235C2008553D9 /* ViewModel.swift */; };
		48B84BC8244236AA008553D9 /* BullyClassifier.mlmodel in Sources */ = {isa = PBXBuildFile; fileRef = 48B84BC7244236AA008553D9 /* BullyClassifier.mlmodel */; };
		48FCE92E24420E08000C9F27 /* RoundedButton.swift in Sources */ = {isa = PBXBuildFile; fileRef = 48FCE92D24420E08000C9F27 /* RoundedButton.swift */; };
		48FCE93124420FC7000C9F27 /* Sentiment.swift in Sources */ = {isa = PBXBuildFile; fileRef = 48FCE93024420FC7000C9F27 /* Sentiment.swift */; };
/* End PBXBuildFile section */

/* Begin PBXFileReference section */
		4803687324413F2B00A4C861 /* AntiBully.app */ = {isa = PBXFileReference; explicitFileType = wrapper.application; includeInIndex = 0; path = AntiBully.app; sourceTree = BUILT_PRODUCTS_DIR; };
		4803687624413F2B00A4C861 /* AppDelegate.swift */ = {isa = PBXFileReference; lastKnownFileType = sourcecode.swift; path = AppDelegate.swift; sourceTree = "<group>"; };
		4803687824413F2B00A4C861 /* ViewController.swift */ = {isa = PBXFileReference; lastKnownFileType = sourcecode.swift; path = ViewController.swift; sourceTree = "<group>"; };
		4803687B24413F2B00A4C861 /* Base */ = {isa = PBXFileReference; lastKnownFileType = file.storyboard; name = Base; path = Base.lproj/Main.storyboard; sourceTree = "<group>"; };
		4803687D24413F2F00A4C861 /* Assets.xcassets */ = {isa = PBXFileReference; lastKnownFileType = folder.assetcatalog; path = Assets.xcassets; sourceTree = "<group>"; };
		4803688024413F2F00A4C861 /* Base */ = {isa = PBXFileReference; lastKnownFileType = file.storyboard; name = Base; path = Base.lproj/LaunchScreen.storyboard; sourceTree = "<group>"; };
		4803688224413F2F00A4C861 /* Info.plist */ = {isa = PBXFileReference; lastKnownFileType = text.plist.xml; path = Info.plist; sourceTree = "<group>"; };
		48B84BC5244235C2008553D9 /* ViewModel.swift */ = {isa = PBXFileReference; lastKnownFileType = sourcecode.swift; path = ViewModel.swift; sourceTree = "<group>"; };
		48B84BC7244236AA008553D9 /* BullyClassifier.mlmodel */ = {isa = PBXFileReference; lastKnownFileType = file.mlmodel; path = BullyClassifier.mlmodel; sourceTree = "<group>"; };
		48FCE92D24420E08000C9F27 /* RoundedButton.swift */ = {isa = PBXFileReference; lastKnownFileType = sourcecode.swift; path = RoundedButton.swift; sourceTree = "<group>"; };
		48FCE93024420FC7000C9F27 /* Sentiment.swift */ = {isa = PBXFileReference; lastKnownFileType = sourcecode.swift; path = Sentiment.swift; sourceTree = "<group>"; };
/* End PBXFileReference section */

/* Begin PBXFrameworksBuildPhase section */
		4803687024413F2B00A4C861 /* Frameworks */ = {
			isa = PBXFrameworksBuildPhase;
			buildActionMask = 2147483647;
			files = (
			);
			runOnlyForDeploymentPostprocessing = 0;
		};
/* End PBXFrameworksBuildPhase section */

/* Begin PBXGroup section */
		4803686A24413F2B00A4C861 = {
			isa = PBXGroup;
			children = (
				4803687524413F2B00A4C861 /* AntiBully */,
				4803687424413F2B00A4C861 /* Products */,
			);
			sourceTree = "<group>";
		};
		4803687424413F2B00A4C861 /* Products */ = {
			isa = PBXGroup;
			children = (
				4803687324413F2B00A4C861 /* AntiBully.app */,
			);
			name = Products;
			sourceTree = "<group>";
		};
		4803687524413F2B00A4C861 /* AntiBully */ = {
			isa = PBXGroup;
			children = (
				48B84BC7244236AA008553D9 /* BullyClassifier.mlmodel */,
				48FCE92B24420DEA000C9F27 /* Model */,
				48FCE92A24420DE4000C9F27 /* View */,
				48FCE92F24420FA9000C9F27 /* ViewModel */,
				48FCE92924420DD7000C9F27 /* Controller */,
				4803687624413F2B00A4C861 /* AppDelegate.swift */,
				4803687A24413F2B00A4C861 /* Main.storyboard */,
				4803687D24413F2F00A4C861 /* Assets.xcassets */,
				4803687F24413F2F00A4C861 /* LaunchScreen.storyboard */,
				4803688224413F2F00A4C861 /* Info.plist */,
			);
			path = AntiBully;
			sourceTree = "<group>";
		};
		48FCE92924420DD7000C9F27 /* Controller */ = {
			isa = PBXGroup;
			children = (
				4803687824413F2B00A4C861 /* ViewController.swift */,
			);
			path = Controller;
			sourceTree = "<group>";
		};
		48FCE92A24420DE4000C9F27 /* View */ = {
			isa = PBXGroup;
			children = (
				48FCE92D24420E08000C9F27 /* RoundedButton.swift */,
			);
			path = View;
			sourceTree = "<group>";
		};
		48FCE92B24420DEA000C9F27 /* Model */ = {
			isa = PBXGroup;
			children = (
				48FCE93024420FC7000C9F27 /* Sentiment.swift */,
			);
			path = Model;
			sourceTree = "<group>";
		};
		48FCE92F24420FA9000C9F27 /* ViewModel */ = {
			isa = PBXGroup;
			children = (
				48B84BC5244235C2008553D9 /* ViewModel.swift */,
			);
			path = ViewModel;
			sourceTree = "<group>";
		};
/* End PBXGroup section */

/* Begin PBXNativeTarget section */
		4803687224413F2B00A4C861 /* AntiBully */ = {
			isa = PBXNativeTarget;
			buildConfigurationList = 4803688524413F2F00A4C861 /* Build configuration list for PBXNativeTarget "AntiBully" */;
			buildPhases = (
				4803686F24413F2B00A4C861 /* Sources */,
				4803687024413F2B00A4C861 /* Frameworks */,
				4803687124413F2B00A4C861 /* Resources */,
			);
			buildRules = (
			);
			dependencies = (
			);
			name = AntiBully;
			productName = AntiBully;
			productReference = 4803687324413F2B00A4C861 /* AntiBully.app */;
			productType = "com.apple.product-type.application";
		};
/* End PBXNativeTarget section */

/* Begin PBXProject section */
		4803686B24413F2B00A4C861 /* Project object */ = {
			isa = PBXProject;
			attributes = {
				LastSwiftUpdateCheck = 1030;
				LastUpgradeCheck = 1030;
				ORGANIZATIONNAME = "Fred Lefevre";
				TargetAttributes = {
					4803687224413F2B00A4C861 = {
						CreatedOnToolsVersion = 10.3;
					};
				};
			};
			buildConfigurationList = 4803686E24413F2B00A4C861 /* Build configuration list for PBXProject "AntiBully" */;
			compatibilityVersion = "Xcode 9.3";
			developmentRegion = en;
			hasScannedForEncodings = 0;
			knownRegions = (
				en,
				Base,
			);
			mainGroup = 4803686A24413F2B00A4C861;
			productRefGroup = 4803687424413F2B00A4C861 /* Products */;
			projectDirPath = "";
			projectRoot = "";
			targets = (
				4803687224413F2B00A4C861 /* AntiBully */,
			);
		};
/* End PBXProject section */

/* Begin PBXResourcesBuildPhase section */
		4803687124413F2B00A4C861 /* Resources */ = {
			isa = PBXResourcesBuildPhase;
			buildActionMask = 2147483647;
			files = (
				4803688124413F2F00A4C861 /* LaunchScreen.storyboard in Resources */,
				4803687E24413F2F00A4C861 /* Assets.xcassets in Resources */,
				4803687C24413F2B00A4C861 /* Main.storyboard in Resources */,
			);
			runOnlyForDeploymentPostprocessing = 0;
		};
/* End PBXResourcesBuildPhase section */

/* Begin PBXSourcesBuildPhase section */
		4803686F24413F2B00A4C861 /* Sources */ = {
			isa = PBXSourcesBuildPhase;
			buildActionMask = 2147483647;
			files = (
				48B84BC6244235C2008553D9 /* ViewModel.swift in Sources */,
				4803687924413F2B00A4C861 /* ViewController.swift in Sources */,
				48FCE93124420FC7000C9F27 /* Sentiment.swift in Sources */,
				48FCE92E24420E08000C9F27 /* RoundedButton.swift in Sources */,
				48B84BC8244236AA008553D9 /* BullyClassifier.mlmodel in Sources */,
				4803687724413F2B00A4C861 /* AppDelegate.swift in Sources */,
			);
			runOnlyForDeploymentPostprocessing = 0;
		};
/* End PBXSourcesBuildPhase section */

/* Begin PBXVariantGroup section */
		4803687A24413F2B00A4C861 /* Main.storyboard */ = {
			isa = PBXVariantGroup;
			children = (
				4803687B24413F2B00A4C861 /* Base */,
			);
			name = Main.storyboard;
			sourceTree = "<group>";
		};
		4803687F24413F2F00A4C861 /* LaunchScreen.storyboard */ = {
			isa = PBXVariantGroup;
			children = (
				4803688024413F2F00A4C861 /* Base */,
			);
			name = LaunchScreen.storyboard;
			sourceTree = "<group>";
		};
/* End PBXVariantGroup section */

/* Begin XCBuildConfiguration section */
		4803688324413F2F00A4C861 /* Debug */ = {
			isa = XCBuildConfiguration;
			buildSettings = {
				ALWAYS_SEARCH_USER_PATHS = NO;
				CLANG_ANALYZER_NONNULL = YES;
				CLANG_ANALYZER_NUMBER_OBJECT_CONVERSION = YES_AGGRESSIVE;
				CLANG_CXX_LANGUAGE_STANDARD = "gnu++14";
				CLANG_CXX_LIBRARY = "libc++";
				CLANG_ENABLE_MODULES = YES;
				CLANG_ENABLE_OBJC_ARC = YES;
				CLANG_ENABLE_OBJC_WEAK = YES;
				CLANG_WARN_BLOCK_CAPTURE_AUTORELEASING = YES;
				CLANG_WARN_BOOL_CONVERSION = YES;
				CLANG_WARN_COMMA = YES;
				CLANG_WARN_CONSTANT_CONVERSION = YES;
				CLANG_WARN_DEPRECATED_OBJC_IMPLEMENTATIONS = YES;
				CLANG_WARN_DIRECT_OBJC_ISA_USAGE = YES_ERROR;
				CLANG_WARN_DOCUMENTATION_COMMENTS = YES;
				CLANG_WARN_EMPTY_BODY = YES;
				CLANG_WARN_ENUM_CONVERSION = YES;
				CLANG_WARN_INFINITE_RECURSION = YES;
				CLANG_WARN_INT_CONVERSION = YES;
				CLANG_WARN_NON_LITERAL_NULL_CONVERSION = YES;
				CLANG_WARN_OBJC_IMPLICIT_RETAIN_SELF = YES;
				CLANG_WARN_OBJC_LITERAL_CONVERSION = YES;
				CLANG_WARN_OBJC_ROOT_CLASS = YES_ERROR;
				CLANG_WARN_RANGE_LOOP_ANALYSIS = YES;
				CLANG_WARN_STRICT_PROTOTYPES = YES;
				CLANG_WARN_SUSPICIOUS_MOVE = YES;
				CLANG_WARN_UNGUARDED_AVAILABILITY = YES_AGGRESSIVE;
				CLANG_WARN_UNREACHABLE_CODE = YES;
				CLANG_WARN__DUPLICATE_METHOD_MATCH = YES;
				CODE_SIGN_IDENTITY = "iPhone Developer";
				COPY_PHASE_STRIP = NO;
				DEBUG_INFORMATION_FORMAT = dwarf;
				ENABLE_STRICT_OBJC_MSGSEND = YES;
				ENABLE_TESTABILITY = YES;
				GCC_C_LANGUAGE_STANDARD = gnu11;
				GCC_DYNAMIC_NO_PIC = NO;
				GCC_NO_COMMON_BLOCKS = YES;
				GCC_OPTIMIZATION_LEVEL = 0;
				GCC_PREPROCESSOR_DEFINITIONS = (
					"DEBUG=1",
					"$(inherited)",
				);
				GCC_WARN_64_TO_32_BIT_CONVERSION = YES;
				GCC_WARN_ABOUT_RETURN_TYPE = YES_ERROR;
				GCC_WARN_UNDECLARED_SELECTOR = YES;
				GCC_WARN_UNINITIALIZED_AUTOS = YES_AGGRESSIVE;
				GCC_WARN_UNUSED_FUNCTION = YES;
				GCC_WARN_UNUSED_VARIABLE = YES;
				IPHONEOS_DEPLOYMENT_TARGET = 12.4;
				MTL_ENABLE_DEBUG_INFO = INCLUDE_SOURCE;
				MTL_FAST_MATH = YES;
				ONLY_ACTIVE_ARCH = YES;
				SDKROOT = iphoneos;
				SWIFT_ACTIVE_COMPILATION_CONDITIONS = DEBUG;
				SWIFT_OPTIMIZATION_LEVEL = "-Onone";
			};
			name = Debug;
		};
		4803688424413F2F00A4C861 /* Release */ = {
			isa = XCBuildConfiguration;
			buildSettings = {
				ALWAYS_SEARCH_USER_PATHS = NO;
				CLANG_ANALYZER_NONNULL = YES;
				CLANG_ANALYZER_NUMBER_OBJECT_CONVERSION = YES_AGGRESSIVE;
				CLANG_CXX_LANGUAGE_STANDARD = "gnu++14";
				CLANG_CXX_LIBRARY = "libc++";
				CLANG_ENABLE_MODULES = YES;
				CLANG_ENABLE_OBJC_ARC = YES;
				CLANG_ENABLE_OBJC_WEAK = YES;
				CLANG_WARN_BLOCK_CAPTURE_AUTORELEASING = YES;
				CLANG_WARN_BOOL_CONVERSION = YES;
				CLANG_WARN_COMMA = YES;
				CLANG_WARN_CONSTANT_CONVERSION = YES;
				CLANG_WARN_DEPRECATED_OBJC_IMPLEMENTATIONS = YES;
				CLANG_WARN_DIRECT_OBJC_ISA_USAGE = YES_ERROR;
				CLANG_WARN_DOCUMENTATION_COMMENTS = YES;
				CLANG_WARN_EMPTY_BODY = YES;
				CLANG_WARN_ENUM_CONVERSION = YES;
				CLANG_WARN_INFINITE_RECURSION = YES;
				CLANG_WARN_INT_CONVERSION = YES;
				CLANG_WARN_NON_LITERAL_NULL_CONVERSION = YES;
				CLANG_WARN_OBJC_IMPLICIT_RETAIN_SELF = YES;
				CLANG_WARN_OBJC_LITERAL_CONVERSION = YES;
				CLANG_WARN_OBJC_ROOT_CLASS = YES_ERROR;
				CLANG_WARN_RANGE_LOOP_ANALYSIS = YES;
				CLANG_WARN_STRICT_PROTOTYPES = YES;
				CLANG_WARN_SUSPICIOUS_MOVE = YES;
				CLANG_WARN_UNGUARDED_AVAILABILITY = YES_AGGRESSIVE;
				CLANG_WARN_UNREACHABLE_CODE = YES;
				CLANG_WARN__DUPLICATE_METHOD_MATCH = YES;
				CODE_SIGN_IDENTITY = "iPhone Developer";
				COPY_PHASE_STRIP = NO;
				DEBUG_INFORMATION_FORMAT = "dwarf-with-dsym";
				ENABLE_NS_ASSERTIONS = NO;
				ENABLE_STRICT_OBJC_MSGSEND = YES;
				GCC_C_LANGUAGE_STANDARD = gnu11;
				GCC_NO_COMMON_BLOCKS = YES;
				GCC_WARN_64_TO_32_BIT_CONVERSION = YES;
				GCC_WARN_ABOUT_RETURN_TYPE = YES_ERROR;
				GCC_WARN_UNDECLARED_SELECTOR = YES;
				GCC_WARN_UNINITIALIZED_AUTOS = YES_AGGRESSIVE;
				GCC_WARN_UNUSED_FUNCTION = YES;
				GCC_WARN_UNUSED_VARIABLE = YES;
				IPHONEOS_DEPLOYMENT_TARGET = 12.4;
				MTL_ENABLE_DEBUG_INFO = NO;
				MTL_FAST_MATH = YES;
				SDKROOT = iphoneos;
				SWIFT_COMPILATION_MODE = wholemodule;
				SWIFT_OPTIMIZATION_LEVEL = "-O";
				VALIDATE_PRODUCT = YES;
			};
			name = Release;
		};
		4803688624413F2F00A4C861 /* Debug */ = {
			isa = XCBuildConfiguration;
			buildSettings = {
				ASSETCATALOG_COMPILER_APPICON_NAME = AppIcon;
				CODE_SIGN_STYLE = Automatic;
				DEVELOPMENT_TEAM = R6V3TXD99T;
				INFOPLIST_FILE = AntiBully/Info.plist;
				LD_RUNPATH_SEARCH_PATHS = (
					"$(inherited)",
					"@executable_path/Frameworks",
				);
				PRODUCT_BUNDLE_IDENTIFIER = com.fredlefevre.AntiBully;
				PRODUCT_NAME = "$(TARGET_NAME)";
				SWIFT_VERSION = 5.0;
				TARGETED_DEVICE_FAMILY = "1,2";
			};
			name = Debug;
		};
		4803688724413F2F00A4C861 /* Release */ = {
			isa = XCBuildConfiguration;
			buildSettings = {
				ASSETCATALOG_COMPILER_APPICON_NAME = AppIcon;
				CODE_SIGN_STYLE = Automatic;
				DEVELOPMENT_TEAM = R6V3TXD99T;
				INFOPLIST_FILE = AntiBully/Info.plist;
				LD_RUNPATH_SEARCH_PATHS = (
					"$(inherited)",
					"@executable_path/Frameworks",
				);
				PRODUCT_BUNDLE_IDENTIFIER = com.fredlefevre.AntiBully;
				PRODUCT_NAME = "$(TARGET_NAME)";
				SWIFT_VERSION = 5.0;
				TARGETED_DEVICE_FAMILY = "1,2";
			};
			name = Release;
		};
/* End XCBuildConfiguration section */

/* Begin XCConfigurationList section */
		4803686E24413F2B00A4C861 /* Build configuration list for PBXProject "AntiBully" */ = {
			isa = XCConfigurationList;
			buildConfigurations = (
				4803688324413F2F00A4C861 /* Debug */,
				4803688424413F2F00A4C861 /* Release */,
			);
			defaultConfigurationIsVisible = 0;
			defaultConfigurationName = Release;
		};
		4803688524413F2F00A4C861 /* Build configuration list for PBXNativeTarget "AntiBully" */ = {
			isa = XCConfigurationList;
			buildConfigurations = (
				4803688624413F2F00A4C861 /* Debug */,
				4803688724413F2F00A4C861 /* Release */,
			);
			defaultConfigurationIsVisible = 0;
			defaultConfigurationName = Release;
		};
/* End XCConfigurationList section */
	};
	rootObject = 4803686B24413F2B00A4C861 /* Project object */;
}
